{
  "name": "@civ-clone/base-city-yield-population-support-food",
  "version": "0.1.0",
  "lockfileVersion": 2,
  "requires": true,
  "packages": {
    "": {
      "name": "@civ-clone/base-city-yield-population-support-food",
      "version": "0.1.0",
      "license": "MIT",
      "dependencies": {
        "@civ-clone/core-yield": "^0.1.2"
      },
      "devDependencies": {
        "@types/node": "^14.11.2",
        "prettier": "^2.1.2",
        "typescript": "^4.0.3"
      }
    },
    "node_modules/@civ-clone/core-data-object": {
      "version": "0.1.7",
      "resolved": "https://registry.npmjs.org/@civ-clone/core-data-object/-/core-data-object-0.1.7.tgz",
      "integrity": "sha512-mR+7PymaFNkbxUbu6lsZcGpErc2Fgpvgc0nkUwRdCAuYPQaHohaVNVmbFATU6Jexp9te/B+oGt0YyV9kisXpCA==",
      "dependencies": {
        "@civ-clone/core-registry": "^0.1.0"
      }
    },
    "node_modules/@civ-clone/core-registry": {
      "version": "0.1.0",
      "resolved": "https://registry.npmjs.org/@civ-clone/core-registry/-/core-registry-0.1.0.tgz",
      "integrity": "sha512-g8TqSC+kwDTgpgGBaQd/d4G5Mw75qb4C1nDu3qeVf3bEmggoM5IpyJbSrrn5+uISPJdF9OIQuZWmugLQSmk0tQ=="
    },
    "node_modules/@civ-clone/core-yield": {
      "version": "0.1.2",
      "resolved": "https://registry.npmjs.org/@civ-clone/core-yield/-/core-yield-0.1.2.tgz",
      "integrity": "sha512-OqeOfmTJp/cDjmwDKkl+tgy395CKZYQZy8Qp7amjY1D0iJadYxvflN1EgHFAIu5bCtOR9TX5AzO1wRL2ZSVHyQ==",
      "dependencies": {
        "@civ-clone/core-data-object": "^0.1.0",
        "@civ-clone/core-registry": "^0.1.0"
      }
    },
    "node_modules/@types/node": {
      "version": "14.18.12",
      "resolved": "https://registry.npmjs.org/@types/node/-/node-14.18.12.tgz",
      "integrity": "sha512-q4jlIR71hUpWTnGhXWcakgkZeHa3CCjcQcnuzU8M891BAWA2jHiziiWEPEkdS5pFsz7H9HJiy8BrK7tBRNrY7A==",
      "dev": true
    },
    "node_modules/prettier": {
      "version": "2.6.1",
      "resolved": "https://registry.npmjs.org/prettier/-/prettier-2.6.1.tgz",
      "integrity": "sha512-8UVbTBYGwN37Bs9LERmxCPjdvPxlEowx2urIL6urHzdb3SDq4B/Z6xLFCblrSnE4iKWcS6ziJ3aOYrc1kz/E2A==",
      "dev": true,
      "bin": {
        "prettier": "bin-prettier.js"
      },
      "engines": {
        "node": ">=10.13.0"
      },
      "funding": {
        "url": "https://github.com/prettier/prettier?sponsor=1"
      }
    },
    "node_modules/typescript": {
      "version": "4.6.3",
      "resolved": "https://registry.npmjs.org/typescript/-/typescript-4.6.3.tgz",
      "integrity": "sha512-yNIatDa5iaofVozS/uQJEl3JRWLKKGJKh6Yaiv0GLGSuhpFJe7P3SbHZ8/yjAHRQwKRoA6YZqlfjXWmVzoVSMw==",
      "dev": true,
      "bin": {
        "tsc": "bin/tsc",
        "tsserver": "bin/tsserver"
      },
      "engines": {
        "node": ">=4.2.0"
      }
    }
  },
  "dependencies": {
    "@civ-clone/core-data-object": {
      "version": "0.1.7",
      "resolved": "https://registry.npmjs.org/@civ-clone/core-data-object/-/core-data-object-0.1.7.tgz",
      "integrity": "sha512-mR+7PymaFNkbxUbu6lsZcGpErc2Fgpvgc0nkUwRdCAuYPQaHohaVNVmbFATU6Jexp9te/B+oGt0YyV9kisXpCA==",
      "requires": {
        "@civ-clone/core-registry": "^0.1.0"
      }
    },
    "@civ-clone/core-registry": {
      "version": "0.1.0",
      "resolved": "https://registry.npmjs.org/@civ-clone/core-registry/-/core-registry-0.1.0.tgz",
      "integrity": "sha512-g8TqSC+kwDTgpgGBaQd/d4G5Mw75qb4C1nDu3qeVf3bEmggoM5IpyJbSrrn5+uISPJdF9OIQuZWmugLQSmk0tQ=="
    },
    "@civ-clone/core-yield": {
      "version": "0.1.2",
      "resolved": "https://registry.npmjs.org/@civ-clone/core-yield/-/core-yield-0.1.2.tgz",
      "integrity": "sha512-OqeOfmTJp/cDjmwDKkl+tgy395CKZYQZy8Qp7amjY1D0iJadYxvflN1EgHFAIu5bCtOR9TX5AzO1wRL2ZSVHyQ==",
      "requires": {
        "@civ-clone/core-data-object": "^0.1.0",
        "@civ-clone/core-registry": "^0.1.0"
      }
    },
    "@types/node": {
      "version": "14.18.12",
      "resolved": "https://registry.npmjs.org/@types/node/-/node-14.18.12.tgz",
      "integrity": "sha512-q4jlIR71hUpWTnGhXWcakgkZeHa3CCjcQcnuzU8M891BAWA2jHiziiWEPEkdS5pFsz7H9HJiy8BrK7tBRNrY7A==",
      "dev": true
    },
    "prettier": {
      "version": "2.6.1",
      "resolved": "https://registry.npmjs.org/prettier/-/prettier-2.6.1.tgz",
      "integrity": "sha512-8UVbTBYGwN37Bs9LERmxCPjdvPxlEowx2urIL6urHzdb3SDq4B/Z6xLFCblrSnE4iKWcS6ziJ3aOYrc1kz/E2A==",
      "dev": true
    },
    "typescript": {
      "version": "4.6.3",
      "resolved": "https://registry.npmjs.org/typescript/-/typescript-4.6.3.tgz",
      "integrity": "sha512-yNIatDa5iaofVozS/uQJEl3JRWLKKGJKh6Yaiv0GLGSuhpFJe7P3SbHZ8/yjAHRQwKRoA6YZqlfjXWmVzoVSMw==",
      "dev": true
    }
  }
}
